# This file is automatically @generated by Poetry 2.0.1 and should not be changed by hand.

[[package]]
name = "luhn"
version = "0.2.0"
description = "Generate and verify Luhn check digits"
optional = false
python-versions = "*"
groups = ["main"]
files = [
    {file = "luhn-0.2.0.tar.gz", hash = "sha256:917174cecce8bcbbe56ac0d904dbedd06594b21b6f31d5a3ec161d455b0e59f7"},
]

[metadata]
lock-version = "2.1"
python-versions = "^3.9.0"
content-hash = "03c107e6d5f683af13af2c8c2d49aeff95f34a6b7fee5f04955154418cde6539"
